// !$*UTF8*$!
{
	archiveVersion = 1;
	classes = {
	};
	objectVersion = 50;
	objects = {

/* Begin PBXBuildFile section */
		4E06D6F8230BDAC1001B640E /* AppDelegate.swift in Sources */ = {isa = PBXBuildFile; fileRef = 4E06D6F7230BDAC1001B640E /* AppDelegate.swift */; };
		4E06D6FA230BDAC1001B640E /* ViewController.swift in Sources */ = {isa = PBXBuildFile; fileRef = 4E06D6F9230BDAC1001B640E /* ViewController.swift */; };
		4E06D6FD230BDAC1001B640E /* Main.storyboard in Resources */ = {isa = PBXBuildFile; fileRef = 4E06D6FB230BDAC1001B640E /* Main.storyboard */; };
		4E06D700230BDAC1001B640E /* AlphaMaskTest.xcdatamodeld in Sources */ = {isa = PBXBuildFile; fileRef = 4E06D6FE230BDAC1001B640E /* AlphaMaskTest.xcdatamodeld */; };
		4E06D702230BDAC2001B640E /* Assets.xcassets in Resources */ = {isa = PBXBuildFile; fileRef = 4E06D701230BDAC2001B640E /* Assets.xcassets */; };
		4E06D705230BDAC2001B640E /* LaunchScreen.storyboard in Resources */ = {isa = PBXBuildFile; fileRef = 4E06D703230BDAC2001B640E /* LaunchScreen.storyboard */; };
		4E06D710230BDAC2001B640E /* AlphaMaskTestTests.swift in Sources */ = {isa = PBXBuildFile; fileRef = 4E06D70F230BDAC2001B640E /* AlphaMaskTestTests.swift */; };
		4E06D71B230BDAC2001B640E /* AlphaMaskTestUITests.swift in Sources */ = {isa = PBXBuildFile; fileRef = 4E06D71A230BDAC2001B640E /* AlphaMaskTestUITests.swift */; };
/* End PBXBuildFile section */

/* Begin PBXContainerItemProxy section */
		4E06D70C230BDAC2001B640E /* PBXContainerItemProxy */ = {
			isa = PBXContainerItemProxy;
			containerPortal = 4E06D6EC230BDAC1001B640E /* Project object */;
			proxyType = 1;
			remoteGlobalIDString = 4E06D6F3230BDAC1001B640E;
			remoteInfo = AlphaMaskTest;
		};
		4E06D717230BDAC2001B640E /* PBXContainerItemProxy */ = {
			isa = PBXContainerItemProxy;
			containerPortal = 4E06D6EC230BDAC1001B640E /* Project object */;
			proxyType = 1;
			remoteGlobalIDString = 4E06D6F3230BDAC1001B640E;
			remoteInfo = AlphaMaskTest;
		};
/* End PBXContainerItemProxy section */

/* Begin PBXFileReference section */
		4E06D6F4230BDAC1001B640E /* AlphaMaskTest.app */ = {isa = PBXFileReference; explicitFileType = wrapper.application; includeInIndex = 0; path = AlphaMaskTest.app; sourceTree = BUILT_PRODUCTS_DIR; };
		4E06D6F7230BDAC1001B640E /* AppDelegate.swift */ = {isa = PBXFileReference; lastKnownFileType = sourcecode.swift; path = AppDelegate.swift; sourceTree = "<group>"; };
		4E06D6F9230BDAC1001B640E /* ViewController.swift */ = {isa = PBXFileReference; lastKnownFileType = sourcecode.swift; path = ViewController.swift; sourceTree = "<group>"; };
		4E06D6FC230BDAC1001B640E /* Base */ = {isa = PBXFileReference; lastKnownFileType = file.storyboard; name = Base; path = Base.lproj/Main.storyboard; sourceTree = "<group>"; };
		4E06D6FF230BDAC1001B640E /* AlphaMaskTest.xcdatamodel */ = {isa = PBXFileReference; lastKnownFileType = wrapper.xcdatamodel; path = AlphaMaskTest.xcdatamodel; sourceTree = "<group>"; };
		4E06D701230BDAC2001B640E /* Assets.xcassets */ = {isa = PBXFileReference; lastKnownFileType = folder.assetcatalog; path = Assets.xcassets; sourceTree = "<group>"; };
		4E06D704230BDAC2001B640E /* Base */ = {isa = PBXFileReference; lastKnownFileType = file.storyboard; name = Base; path = Base.lproj/LaunchScreen.storyboard; sourceTree = "<group>"; };
		4E06D706230BDAC2001B640E /* Info.plist */ = {isa = PBXFileReference; lastKnownFileType = text.plist.xml; path = Info.plist; sourceTree = "<group>"; };
		4E06D70B230BDAC2001B640E /* AlphaMaskTestTests.xctest */ = {isa = PBXFileReference; explicitFileType = wrapper.cfbundle; includeInIndex = 0; path = AlphaMaskTestTests.xctest; sourceTree = BUILT_PRODUCTS_DIR; };
		4E06D70F230BDAC2001B640E /* AlphaMaskTestTests.swift */ = {isa = PBXFileReference; lastKnownFileType = sourcecode.swift; path = AlphaMaskTestTests.swift; sourceTree = "<group>"; };
		4E06D711230BDAC2001B640E /* Info.plist */ = {isa = PBXFileReference; lastKnownFileType = text.plist.xml; path = Info.plist; sourceTree = "<group>"; };
		4E06D716230BDAC2001B640E /* AlphaMaskTestUITests.xctest */ = {isa = PBXFileReference; explicitFileType = wrapper.cfbundle; includeInIndex = 0; path = AlphaMaskTestUITests.xctest; sourceTree = BUILT_PRODUCTS_DIR; };
		4E06D71A230BDAC2001B640E /* AlphaMaskTestUITests.swift */ = {isa = PBXFileReference; lastKnownFileType = sourcecode.swift; path = AlphaMaskTestUITests.swift; sourceTree = "<group>"; };
		4E06D71C230BDAC2001B640E /* Info.plist */ = {isa = PBXFileReference; lastKnownFileType = text.plist.xml; path = Info.plist; sourceTree = "<group>"; };
/* End PBXFileReference section */

/* Begin PBXFrameworksBuildPhase section */
		4E06D6F1230BDAC1001B640E /* Frameworks */ = {
			isa = PBXFrameworksBuildPhase;
			buildActionMask = 2147483647;
			files = (
			);
			runOnlyForDeploymentPostprocessing = 0;
		};
		4E06D708230BDAC2001B640E /* Frameworks */ = {
			isa = PBXFrameworksBuildPhase;
			buildActionMask = 2147483647;
			files = (
			);
			runOnlyForDeploymentPostprocessing = 0;
		};
		4E06D713230BDAC2001B640E /* Frameworks */ = {
			isa = PBXFrameworksBuildPhase;
			buildActionMask = 2147483647;
			files = (
			);
			runOnlyForDeploymentPostprocessing = 0;
		};
/* End PBXFrameworksBuildPhase section */

/* Begin PBXGroup section */
		4E06D6EB230BDAC1001B640E = {
			isa = PBXGroup;
			children = (
				4E06D6F6230BDAC1001B640E /* AlphaMaskTest */,
				4E06D70E230BDAC2001B640E /* AlphaMaskTestTests */,
				4E06D719230BDAC2001B640E /* AlphaMaskTestUITests */,
				4E06D6F5230BDAC1001B640E /* Products */,
			);
			sourceTree = "<group>";
		};
		4E06D6F5230BDAC1001B640E /* Products */ = {
			isa = PBXGroup;
			children = (
				4E06D6F4230BDAC1001B640E /* AlphaMaskTest.app */,
				4E06D70B230BDAC2001B640E /* AlphaMaskTestTests.xctest */,
				4E06D716230BDAC2001B640E /* AlphaMaskTestUITests.xctest */,
			);
			name = Products;
			sourceTree = "<group>";
		};
		4E06D6F6230BDAC1001B640E /* AlphaMaskTest */ = {
			isa = PBXGroup;
			children = (
				4E06D6F7230BDAC1001B640E /* AppDelegate.swift */,
				4E06D6F9230BDAC1001B640E /* ViewController.swift */,
				4E06D6FB230BDAC1001B640E /* Main.storyboard */,
				4E06D701230BDAC2001B640E /* Assets.xcassets */,
				4E06D703230BDAC2001B640E /* LaunchScreen.storyboard */,
				4E06D706230BDAC2001B640E /* Info.plist */,
				4E06D6FE230BDAC1001B640E /* AlphaMaskTest.xcdatamodeld */,
			);
			path = AlphaMaskTest;
			sourceTree = "<group>";
		};
		4E06D70E230BDAC2001B640E /* AlphaMaskTestTests */ = {
			isa = PBXGroup;
			children = (
				4E06D70F230BDAC2001B640E /* AlphaMaskTestTests.swift */,
				4E06D711230BDAC2001B640E /* Info.plist */,
			);
			path = AlphaMaskTestTests;
			sourceTree = "<group>";
		};
		4E06D719230BDAC2001B640E /* AlphaMaskTestUITests */ = {
			isa = PBXGroup;
			children = (
				4E06D71A230BDAC2001B640E /* AlphaMaskTestUITests.swift */,
				4E06D71C230BDAC2001B640E /* Info.plist */,
			);
			path = AlphaMaskTestUITests;
			sourceTree = "<group>";
		};
/* End PBXGroup section */

/* Begin PBXNativeTarget section */
		4E06D6F3230BDAC1001B640E /* AlphaMaskTest */ = {
			isa = PBXNativeTarget;
			buildConfigurationList = 4E06D71F230BDAC2001B640E /* Build configuration list for PBXNativeTarget "AlphaMaskTest" */;
			buildPhases = (
				4E06D6F0230BDAC1001B640E /* Sources */,
				4E06D6F1230BDAC1001B640E /* Frameworks */,
				4E06D6F2230BDAC1001B640E /* Resources */,
			);
			buildRules = (
			);
			dependencies = (
			);
			name = AlphaMaskTest;
			productName = AlphaMaskTest;
			productReference = 4E06D6F4230BDAC1001B640E /* AlphaMaskTest.app */;
			productType = "com.apple.product-type.application";
		};
		4E06D70A230BDAC2001B640E /* AlphaMaskTestTests */ = {
			isa = PBXNativeTarget;
			buildConfigurationList = 4E06D722230BDAC2001B640E /* Build configuration list for PBXNativeTarget "AlphaMaskTestTests" */;
			buildPhases = (
				4E06D707230BDAC2001B640E /* Sources */,
				4E06D708230BDAC2001B640E /* Frameworks */,
				4E06D709230BDAC2001B640E /* Resources */,
			);
			buildRules = (
			);
			dependencies = (
				4E06D70D230BDAC2001B640E /* PBXTargetDependency */,
			);
			name = AlphaMaskTestTests;
			productName = AlphaMaskTestTests;
			productReference = 4E06D70B230BDAC2001B640E /* AlphaMaskTestTests.xctest */;
			productType = "com.apple.product-type.bundle.unit-test";
		};
		4E06D715230BDAC2001B640E /* AlphaMaskTestUITests */ = {
			isa = PBXNativeTarget;
			buildConfigurationList = 4E06D725230BDAC2001B640E /* Build configuration list for PBXNativeTarget "AlphaMaskTestUITests" */;
			buildPhases = (
				4E06D712230BDAC2001B640E /* Sources */,
				4E06D713230BDAC2001B640E /* Frameworks */,
				4E06D714230BDAC2001B640E /* Resources */,
			);
			buildRules = (
			);
			dependencies = (
				4E06D718230BDAC2001B640E /* PBXTargetDependency */,
			);
			name = AlphaMaskTestUITests;
			productName = AlphaMaskTestUITests;
			productReference = 4E06D716230BDAC2001B640E /* AlphaMaskTestUITests.xctest */;
			productType = "com.apple.product-type.bundle.ui-testing";
		};
/* End PBXNativeTarget section */

/* Begin PBXProject section */
		4E06D6EC230BDAC1001B640E /* Project object */ = {
			isa = PBXProject;
			attributes = {
				LastSwiftUpdateCheck = 1030;
				LastUpgradeCheck = 1030;
				ORGANIZATIONNAME = "Elena Demidova";
				TargetAttributes = {
					4E06D6F3230BDAC1001B640E = {
						CreatedOnToolsVersion = 10.3;
					};
					4E06D70A230BDAC2001B640E = {
						CreatedOnToolsVersion = 10.3;
						TestTargetID = 4E06D6F3230BDAC1001B640E;
					};
					4E06D715230BDAC2001B640E = {
						CreatedOnToolsVersion = 10.3;
						TestTargetID = 4E06D6F3230BDAC1001B640E;
					};
				};
			};
			buildConfigurationList = 4E06D6EF230BDAC1001B640E /* Build configuration list for PBXProject "AlphaMaskTest" */;
			compatibilityVersion = "Xcode 9.3";
			developmentRegion = en;
			hasScannedForEncodings = 0;
			knownRegions = (
				en,
				Base,
			);
			mainGroup = 4E06D6EB230BDAC1001B640E;
			productRefGroup = 4E06D6F5230BDAC1001B640E /* Products */;
			projectDirPath = "";
			projectRoot = "";
			targets = (
				4E06D6F3230BDAC1001B640E /* AlphaMaskTest */,
				4E06D70A230BDAC2001B640E /* AlphaMaskTestTests */,
				4E06D715230BDAC2001B640E /* AlphaMaskTestUITests */,
			);
		};
/* End PBXProject section */

/* Begin PBXResourcesBuildPhase section */
		4E06D6F2230BDAC1001B640E /* Resources */ = {
			isa = PBXResourcesBuildPhase;
			buildActionMask = 2147483647;
			files = (
				4E06D705230BDAC2001B640E /* LaunchScreen.storyboard in Resources */,
				4E06D702230BDAC2001B640E /* Assets.xcassets in Resources */,
				4E06D6FD230BDAC1001B640E /* Main.storyboard in Resources */,
			);
			runOnlyForDeploymentPostprocessing = 0;
		};
		4E06D709230BDAC2001B640E /* Resources */ = {
			isa = PBXResourcesBuildPhase;
			buildActionMask = 2147483647;
			files = (
			);
			runOnlyForDeploymentPostprocessing = 0;
		};
		4E06D714230BDAC2001B640E /* Resources */ = {
			isa = PBXResourcesBuildPhase;
			buildActionMask = 2147483647;
			files = (
			);
			runOnlyForDeploymentPostprocessing = 0;
		};
/* End PBXResourcesBuildPhase section */

/* Begin PBXSourcesBuildPhase section */
		4E06D6F0230BDAC1001B640E /* Sources */ = {
			isa = PBXSourcesBuildPhase;
			buildActionMask = 2147483647;
			files = (
				4E06D6FA230BDAC1001B640E /* ViewController.swift in Sources */,
				4E06D700230BDAC1001B640E /* AlphaMaskTest.xcdatamodeld in Sources */,
				4E06D6F8230BDAC1001B640E /* AppDelegate.swift in Sources */,
			);
			runOnlyForDeploymentPostprocessing = 0;
		};
		4E06D707230BDAC2001B640E /* Sources */ = {
			isa = PBXSourcesBuildPhase;
			buildActionMask = 2147483647;
			files = (
				4E06D710230BDAC2001B640E /* AlphaMaskTestTests.swift in Sources */,
			);
			runOnlyForDeploymentPostprocessing = 0;
		};
		4E06D712230BDAC2001B640E /* Sources */ = {
			isa = PBXSourcesBuildPhase;
			buildActionMask = 2147483647;
			files = (
				4E06D71B230BDAC2001B640E /* AlphaMaskTestUITests.swift in Sources */,
			);
			runOnlyForDeploymentPostprocessing = 0;
		};
/* End PBXSourcesBuildPhase section */

/* Begin PBXTargetDependency section */
		4E06D70D230BDAC2001B640E /* PBXTargetDependency */ = {
			isa = PBXTargetDependency;
			target = 4E06D6F3230BDAC1001B640E /* AlphaMaskTest */;
			targetProxy = 4E06D70C230BDAC2001B640E /* PBXContainerItemProxy */;
		};
		4E06D718230BDAC2001B640E /* PBXTargetDependency */ = {
			isa = PBXTargetDependency;
			target = 4E06D6F3230BDAC1001B640E /* AlphaMaskTest */;
			targetProxy = 4E06D717230BDAC2001B640E /* PBXContainerItemProxy */;
		};
/* End PBXTargetDependency section */

/* Begin PBXVariantGroup section */
		4E06D6FB230BDAC1001B640E /* Main.storyboard */ = {
			isa = PBXVariantGroup;
			children = (
				4E06D6FC230BDAC1001B640E /* Base */,
			);
			name = Main.storyboard;
			sourceTree = "<group>";
		};
		4E06D703230BDAC2001B640E /* LaunchScreen.storyboard */ = {
			isa = PBXVariantGroup;
			children = (
				4E06D704230BDAC2001B640E /* Base */,
			);
			name = LaunchScreen.storyboard;
			sourceTree = "<group>";
		};
/* End PBXVariantGroup section */

/* Begin XCBuildConfiguration section */
		4E06D71D230BDAC2001B640E /* Debug */ = {
			isa = XCBuildConfiguration;
			buildSettings = {
				ALWAYS_SEARCH_USER_PATHS = NO;
				CLANG_ANALYZER_NONNULL = YES;
				CLANG_ANALYZER_NUMBER_OBJECT_CONVERSION = YES_AGGRESSIVE;
				CLANG_CXX_LANGUAGE_STANDARD = "gnu++14";
				CLANG_CXX_LIBRARY = "libc++";
				CLANG_ENABLE_MODULES = YES;
				CLANG_ENABLE_OBJC_ARC = YES;
				CLANG_ENABLE_OBJC_WEAK = YES;
				CLANG_WARN_BLOCK_CAPTURE_AUTORELEASING = YES;
				CLANG_WARN_BOOL_CONVERSION = YES;
				CLANG_WARN_COMMA = YES;
				CLANG_WARN_CONSTANT_CONVERSION = YES;
				CLANG_WARN_DEPRECATED_OBJC_IMPLEMENTATIONS = YES;
				CLANG_WARN_DIRECT_OBJC_ISA_USAGE = YES_ERROR;
				CLANG_WARN_DOCUMENTATION_COMMENTS = YES;
				CLANG_WARN_EMPTY_BODY = YES;
				CLANG_WARN_ENUM_CONVERSION = YES;
				CLANG_WARN_INFINITE_RECURSION = YES;
				CLANG_WARN_INT_CONVERSION = YES;
				CLANG_WARN_NON_LITERAL_NULL_CONVERSION = YES;
				CLANG_WARN_OBJC_IMPLICIT_RETAIN_SELF = YES;
				CLANG_WARN_OBJC_LITERAL_CONVERSION = YES;
				CLANG_WARN_OBJC_ROOT_CLASS = YES_ERROR;
				CLANG_WARN_RANGE_LOOP_ANALYSIS = YES;
				CLANG_WARN_STRICT_PROTOTYPES = YES;
				CLANG_WARN_SUSPICIOUS_MOVE = YES;
				CLANG_WARN_UNGUARDED_AVAILABILITY = YES_AGGRESSIVE;
				CLANG_WARN_UNREACHABLE_CODE = YES;
				CLANG_WARN__DUPLICATE_METHOD_MATCH = YES;
				CODE_SIGN_IDENTITY = "iPhone Developer";
				COPY_PHASE_STRIP = NO;
				DEBUG_INFORMATION_FORMAT = dwarf;
				ENABLE_STRICT_OBJC_MSGSEND = YES;
				ENABLE_TESTABILITY = YES;
				GCC_C_LANGUAGE_STANDARD = gnu11;
				GCC_DYNAMIC_NO_PIC = NO;
				GCC_NO_COMMON_BLOCKS = YES;
				GCC_OPTIMIZATION_LEVEL = 0;
				GCC_PREPROCESSOR_DEFINITIONS = (
					"DEBUG=1",
					"$(inherited)",
				);
				GCC_WARN_64_TO_32_BIT_CONVERSION = YES;
				GCC_WARN_ABOUT_RETURN_TYPE = YES_ERROR;
				GCC_WARN_UNDECLARED_SELECTOR = YES;
				GCC_WARN_UNINITIALIZED_AUTOS = YES_AGGRESSIVE;
				GCC_WARN_UNUSED_FUNCTION = YES;
				GCC_WARN_UNUSED_VARIABLE = YES;
				IPHONEOS_DEPLOYMENT_TARGET = 12.4;
				MTL_ENABLE_DEBUG_INFO = INCLUDE_SOURCE;
				MTL_FAST_MATH = YES;
				ONLY_ACTIVE_ARCH = YES;
				SDKROOT = iphoneos;
				SWIFT_ACTIVE_COMPILATION_CONDITIONS = DEBUG;
				SWIFT_OPTIMIZATION_LEVEL = "-Onone";
			};
			name = Debug;
		};
		4E06D71E230BDAC2001B640E /* Release */ = {
			isa = XCBuildConfiguration;
			buildSettings = {
				ALWAYS_SEARCH_USER_PATHS = NO;
				CLANG_ANALYZER_NONNULL = YES;
				CLANG_ANALYZER_NUMBER_OBJECT_CONVERSION = YES_AGGRESSIVE;
				CLANG_CXX_LANGUAGE_STANDARD = "gnu++14";
				CLANG_CXX_LIBRARY = "libc++";
				CLANG_ENABLE_MODULES = YES;
				CLANG_ENABLE_OBJC_ARC = YES;
				CLANG_ENABLE_OBJC_WEAK = YES;
				CLANG_WARN_BLOCK_CAPTURE_AUTORELEASING = YES;
				CLANG_WARN_BOOL_CONVERSION = YES;
				CLANG_WARN_COMMA = YES;
				CLANG_WARN_CONSTANT_CONVERSION = YES;
				CLANG_WARN_DEPRECATED_OBJC_IMPLEMENTATIONS = YES;
				CLANG_WARN_DIRECT_OBJC_ISA_USAGE = YES_ERROR;
				CLANG_WARN_DOCUMENTATION_COMMENTS = YES;
				CLANG_WARN_EMPTY_BODY = YES;
				CLANG_WARN_ENUM_CONVERSION = YES;
				CLANG_WARN_INFINITE_RECURSION = YES;
				CLANG_WARN_INT_CONVERSION = YES;
				CLANG_WARN_NON_LITERAL_NULL_CONVERSION = YES;
				CLANG_WARN_OBJC_IMPLICIT_RETAIN_SELF = YES;
				CLANG_WARN_OBJC_LITERAL_CONVERSION = YES;
				CLANG_WARN_OBJC_ROOT_CLASS = YES_ERROR;
				CLANG_WARN_RANGE_LOOP_ANALYSIS = YES;
				CLANG_WARN_STRICT_PROTOTYPES = YES;
				CLANG_WARN_SUSPICIOUS_MOVE = YES;
				CLANG_WARN_UNGUARDED_AVAILABILITY = YES_AGGRESSIVE;
				CLANG_WARN_UNREACHABLE_CODE = YES;
				CLANG_WARN__DUPLICATE_METHOD_MATCH = YES;
				CODE_SIGN_IDENTITY = "iPhone Developer";
				COPY_PHASE_STRIP = NO;
				DEBUG_INFORMATION_FORMAT = "dwarf-with-dsym";
				ENABLE_NS_ASSERTIONS = NO;
				ENABLE_STRICT_OBJC_MSGSEND = YES;
				GCC_C_LANGUAGE_STANDARD = gnu11;
				GCC_NO_COMMON_BLOCKS = YES;
				GCC_WARN_64_TO_32_BIT_CONVERSION = YES;
				GCC_WARN_ABOUT_RETURN_TYPE = YES_ERROR;
				GCC_WARN_UNDECLARED_SELECTOR = YES;
				GCC_WARN_UNINITIALIZED_AUTOS = YES_AGGRESSIVE;
				GCC_WARN_UNUSED_FUNCTION = YES;
				GCC_WARN_UNUSED_VARIABLE = YES;
				IPHONEOS_DEPLOYMENT_TARGET = 12.4;
				MTL_ENABLE_DEBUG_INFO = NO;
				MTL_FAST_MATH = YES;
				SDKROOT = iphoneos;
				SWIFT_COMPILATION_MODE = wholemodule;
				SWIFT_OPTIMIZATION_LEVEL = "-O";
				VALIDATE_PRODUCT = YES;
			};
			name = Release;
		};
		4E06D720230BDAC2001B640E /* Debug */ = {
			isa = XCBuildConfiguration;
			buildSettings = {
				ASSETCATALOG_COMPILER_APPICON_NAME = AppIcon;
				CODE_SIGN_STYLE = Automatic;
				INFOPLIST_FILE = AlphaMaskTest/Info.plist;
				LD_RUNPATH_SEARCH_PATHS = (
					"$(inherited)",
					"@executable_path/Frameworks",
				);
				PRODUCT_BUNDLE_IDENTIFIER = com.lenka.AlphaMaskTest;
				PRODUCT_NAME = "$(TARGET_NAME)";
				SWIFT_VERSION = 5.0;
				TARGETED_DEVICE_FAMILY = "1,2";
			};
			name = Debug;
		};
		4E06D721230BDAC2001B640E /* Release */ = {
			isa = XCBuildConfiguration;
			buildSettings = {
				ASSETCATALOG_COMPILER_APPICON_NAME = AppIcon;
				CODE_SIGN_STYLE = Automatic;
				INFOPLIST_FILE = AlphaMaskTest/Info.plist;
				LD_RUNPATH_SEARCH_PATHS = (
					"$(inherited)",
					"@executable_path/Frameworks",
				);
				PRODUCT_BUNDLE_IDENTIFIER = com.lenka.AlphaMaskTest;
				PRODUCT_NAME = "$(TARGET_NAME)";
				SWIFT_VERSION = 5.0;
				TARGETED_DEVICE_FAMILY = "1,2";
			};
			name = Release;
		};
		4E06D723230BDAC2001B640E /* Debug */ = {
			isa = XCBuildConfiguration;
			buildSettings = {
				ALWAYS_EMBED_SWIFT_STANDARD_LIBRARIES = YES;
				BUNDLE_LOADER = "$(TEST_HOST)";
				CODE_SIGN_STYLE = Automatic;
				INFOPLIST_FILE = AlphaMaskTestTests/Info.plist;
				LD_RUNPATH_SEARCH_PATHS = (
					"$(inherited)",
					"@executable_path/Frameworks",
					"@loader_path/Frameworks",
				);
				PRODUCT_BUNDLE_IDENTIFIER = com.lenka.AlphaMaskTestTests;
				PRODUCT_NAME = "$(TARGET_NAME)";
				SWIFT_VERSION = 5.0;
				TARGETED_DEVICE_FAMILY = "1,2";
				TEST_HOST = "$(BUILT_PRODUCTS_DIR)/AlphaMaskTest.app/AlphaMaskTest";
			};
			name = Debug;
		};
		4E06D724230BDAC2001B640E /* Release */ = {
			isa = XCBuildConfiguration;
			buildSettings = {
				ALWAYS_EMBED_SWIFT_STANDARD_LIBRARIES = YES;
				BUNDLE_LOADER = "$(TEST_HOST)";
				CODE_SIGN_STYLE = Automatic;
				INFOPLIST_FILE = AlphaMaskTestTests/Info.plist;
				LD_RUNPATH_SEARCH_PATHS = (
					"$(inherited)",
					"@executable_path/Frameworks",
					"@loader_path/Frameworks",
				);
				PRODUCT_BUNDLE_IDENTIFIER = com.lenka.AlphaMaskTestTests;
				PRODUCT_NAME = "$(TARGET_NAME)";
				SWIFT_VERSION = 5.0;
				TARGETED_DEVICE_FAMILY = "1,2";
				TEST_HOST = "$(BUILT_PRODUCTS_DIR)/AlphaMaskTest.app/AlphaMaskTest";
			};
			name = Release;
		};
		4E06D726230BDAC2001B640E /* Debug */ = {
			isa = XCBuildConfiguration;
			buildSettings = {
				ALWAYS_EMBED_SWIFT_STANDARD_LIBRARIES = YES;
				CODE_SIGN_STYLE = Automatic;
				INFOPLIST_FILE = AlphaMaskTestUITests/Info.plist;
				LD_RUNPATH_SEARCH_PATHS = (
					"$(inherited)",
					"@executable_path/Frameworks",
					"@loader_path/Frameworks",
				);
				PRODUCT_BUNDLE_IDENTIFIER = com.lenka.AlphaMaskTestUITests;
				PRODUCT_NAME = "$(TARGET_NAME)";
				SWIFT_VERSION = 5.0;
				TARGETED_DEVICE_FAMILY = "1,2";
				TEST_TARGET_NAME = AlphaMaskTest;
			};
			name = Debug;
		};
		4E06D727230BDAC2001B640E /* Release */ = {
			isa = XCBuildConfiguration;
			buildSettings = {
				ALWAYS_EMBED_SWIFT_STANDARD_LIBRARIES = YES;
				CODE_SIGN_STYLE = Automatic;
				INFOPLIST_FILE = AlphaMaskTestUITests/Info.plist;
				LD_RUNPATH_SEARCH_PATHS = (
					"$(inherited)",
					"@executable_path/Frameworks",
					"@loader_path/Frameworks",
				);
				PRODUCT_BUNDLE_IDENTIFIER = com.lenka.AlphaMaskTestUITests;
				PRODUCT_NAME = "$(TARGET_NAME)";
				SWIFT_VERSION = 5.0;
				TARGETED_DEVICE_FAMILY = "1,2";
				TEST_TARGET_NAME = AlphaMaskTest;
			};
			name = Release;
		};
/* End XCBuildConfiguration section */

/* Begin XCConfigurationList section */
		4E06D6EF230BDAC1001B640E /* Build configuration list for PBXProject "AlphaMaskTest" */ = {
			isa = XCConfigurationList;
			buildConfigurations = (
				4E06D71D230BDAC2001B640E /* Debug */,
				4E06D71E230BDAC2001B640E /* Release */,
			);
			defaultConfigurationIsVisible = 0;
			defaultConfigurationName = Release;
		};
		4E06D71F230BDAC2001B640E /* Build configuration list for PBXNativeTarget "AlphaMaskTest" */ = {
			isa = XCConfigurationList;
			buildConfigurations = (
				4E06D720230BDAC2001B640E /* Debug */,
				4E06D721230BDAC2001B640E /* Release */,
			);
			defaultConfigurationIsVisible = 0;
			defaultConfigurationName = Release;
		};
		4E06D722230BDAC2001B640E /* Build configuration list for PBXNativeTarget "AlphaMaskTestTests" */ = {
			isa = XCConfigurationList;
			buildConfigurations = (
				4E06D723230BDAC2001B640E /* Debug */,
				4E06D724230BDAC2001B640E /* Release */,
			);
			defaultConfigurationIsVisible = 0;
			defaultConfigurationName = Release;
		};
		4E06D725230BDAC2001B640E /* Build configuration list for PBXNativeTarget "AlphaMaskTestUITests" */ = {
			isa = XCConfigurationList;
			buildConfigurations = (
				4E06D726230BDAC2001B640E /* Debug */,
				4E06D727230BDAC2001B640E /* Release */,
			);
			defaultConfigurationIsVisible = 0;
			defaultConfigurationName = Release;
		};
/* End XCConfigurationList section */

/* Begin XCVersionGroup section */
		4E06D6FE230BDAC1001B640E /* AlphaMaskTest.xcdatamodeld */ = {
			isa = XCVersionGroup;
			children = (
				4E06D6FF230BDAC1001B640E /* AlphaMaskTest.xcdatamodel */,
			);
			currentVersion = 4E06D6FF230BDAC1001B640E /* AlphaMaskTest.xcdatamodel */;
			path = AlphaMaskTest.xcdatamodeld;
			sourceTree = "<group>";
			versionGroupType = wrapper.xcdatamodel;
		};
/* End XCVersionGroup section */
	};
	rootObject = 4E06D6EC230BDAC1001B640E /* Project object */;
}
